
Microsoft Visual Studio Solution File, Format Version 12.00
# Visual Studio Version 17
VisualStudioVersion = 17.5.33530.505
MinimumVisualStudioVersion = 10.0.40219.1
Project("{FAE04EC0-301F-11D3-BF4B-00C04F79EFBC}") = "WebTester", "WebTester.csproj", "{58388313-2F1F-4E2B-9C7A-7EA64F4CF53A}"
EndProject
Global
	GlobalSection(SolutionConfigurationPlatforms) = preSolution
		Debug|Any CPU = Debug|Any CPU
		Release|Any CPU = Release|Any CPU
	EndGlobalSection
	GlobalSection(ProjectConfigurationPlatforms) = postSolution
		{58388313-2F1F-4E2B-9C7A-7EA64F4CF53A}.Debug|Any CPU.ActiveCfg = Debug|Any CPU
		{58388313-2F1F-4E2B-9C7A-7EA64F4CF53A}.Debug|Any CPU.Build.0 = Debug|Any CPU
		{58388313-2F1F-4E2B-9C7A-7EA64F4CF53A}.Release|Any CPU.ActiveCfg = Release|Any CPU
		{58388313-2F1F-4E2B-9C7A-7EA64F4CF53A}.Release|Any CPU.Build.0 = Release|Any CPU
	EndGlobalSection
	GlobalSection(SolutionProperties) = preSolution
		HideSolutionNode = FALSE
	EndGlobalSection
	GlobalSection(ExtensibilityGlobals) = postSolution
		SolutionGuid = {D1797589-5F2D-4E40-820D-BDD3AA43E549}
	EndGlobalSection
EndGlobal
